<Solution>
  <Project Path="app-odinstationMonitor-LIC/app-odinstationMonitor-LIC.csproj" Id="8c579a42-79e7-4af2-ae75-8273111567e5" />
  <Project Path="app-odinStationMonitor-Messaging/app-odinStationMonitor-Messaging.csproj" />
  <Project Path="app-odinStationMonitor-wpf/app-odinStationMonitor-wpf.csproj" />
</Solution>
